
Microsoft Visual Studio Solution File, Format Version 12.00
# Visual Studio Version 17
VisualStudioVersion = 17.3.32929.385
MinimumVisualStudioVersion = 10.0.40219.1
Project("{FAE04EC0-301F-11D3-BF4B-00C04F79EFBC}") = "RebarP", "RebarP\RebarP.csproj", "{53C37750-0F32-470F-A4DE-286A4AEC58CE}"
EndProject
Global
	GlobalSection(SolutionConfigurationPlatforms) = preSolution
		Debug|Any CPU = Debug|Any CPU
		Release|Any CPU = Release|Any CPU
	EndGlobalSection
	GlobalSection(ProjectConfigurationPlatforms) = postSolution
		{53C37750-0F32-470F-A4DE-286A4AEC58CE}.Debug|Any CPU.ActiveCfg = Debug|Any CPU
		{53C37750-0F32-470F-A4DE-286A4AEC58CE}.Debug|Any CPU.Build.0 = Debug|Any CPU
		{53C37750-0F32-470F-A4DE-286A4AEC58CE}.Release|Any CPU.ActiveCfg = Release|Any CPU
		{53C37750-0F32-470F-A4DE-286A4AEC58CE}.Release|Any CPU.Build.0 = Release|Any CPU
	EndGlobalSection
	GlobalSection(SolutionProperties) = preSolution
		HideSolutionNode = FALSE
	EndGlobalSection
	GlobalSection(ExtensibilityGlobals) = postSolution
		SolutionGuid = {1D45AC38-F2FC-47A2-A455-F85C30DEC26D}
	EndGlobalSection
EndGlobal
